// !$*UTF8*$!
{
	archiveVersion = 1;
	classes = {
	};
	objectVersion = 56;
	objects = {

/* Begin PBXBuildFile section */
		83328B822BAF2E2F0069FA8E /* WholeCollectionViewCell.swift in Sources */ = {isa = PBXBuildFile; fileRef = 83328B812BAF2E2F0069FA8E /* WholeCollectionViewCell.swift */; };
		83328B842BAF2E3A0069FA8E /* DateDayCollectionViewCell.swift in Sources */ = {isa = PBXBuildFile; fileRef = 83328B832BAF2E3A0069FA8E /* DateDayCollectionViewCell.swift */; };
		833DAF962BAC8BD3007A8D78 /* FirstOnboardController.swift in Sources */ = {isa = PBXBuildFile; fileRef = 833DAF952BAC8BD3007A8D78 /* FirstOnboardController.swift */; };
		8371639B2BAC8E3100A0C2E2 /* SecondOnboardController.swift in Sources */ = {isa = PBXBuildFile; fileRef = 8371639A2BAC8E3100A0C2E2 /* SecondOnboardController.swift */; };
		8371639D2BAC8E4100A0C2E2 /* ThirdOnboardController.swift in Sources */ = {isa = PBXBuildFile; fileRef = 8371639C2BAC8E4100A0C2E2 /* ThirdOnboardController.swift */; };
		837163A12BAC937B00A0C2E2 /* HomeViewController.swift in Sources */ = {isa = PBXBuildFile; fileRef = 837163A02BAC937B00A0C2E2 /* HomeViewController.swift */; };
		837163A32BAC96E600A0C2E2 /* CreateHabitController.swift in Sources */ = {isa = PBXBuildFile; fileRef = 837163A22BAC96E600A0C2E2 /* CreateHabitController.swift */; };
		83D154F62BAC856600607AD5 /* AppDelegate.swift in Sources */ = {isa = PBXBuildFile; fileRef = 83D154F52BAC856600607AD5 /* AppDelegate.swift */; };
		83D154F82BAC856600607AD5 /* SceneDelegate.swift in Sources */ = {isa = PBXBuildFile; fileRef = 83D154F72BAC856600607AD5 /* SceneDelegate.swift */; };
		83D154FA2BAC856600607AD5 /* ViewController.swift in Sources */ = {isa = PBXBuildFile; fileRef = 83D154F92BAC856600607AD5 /* ViewController.swift */; };
		83D154FD2BAC856600607AD5 /* Main.storyboard in Resources */ = {isa = PBXBuildFile; fileRef = 83D154FB2BAC856600607AD5 /* Main.storyboard */; };
		83D154FF2BAC856900607AD5 /* Assets.xcassets in Resources */ = {isa = PBXBuildFile; fileRef = 83D154FE2BAC856900607AD5 /* Assets.xcassets */; };
		83D155022BAC856900607AD5 /* LaunchScreen.storyboard in Resources */ = {isa = PBXBuildFile; fileRef = 83D155002BAC856900607AD5 /* LaunchScreen.storyboard */; };
/* End PBXBuildFile section */

/* Begin PBXFileReference section */
		83328B812BAF2E2F0069FA8E /* WholeCollectionViewCell.swift */ = {isa = PBXFileReference; lastKnownFileType = sourcecode.swift; path = WholeCollectionViewCell.swift; sourceTree = "<group>"; };
		83328B832BAF2E3A0069FA8E /* DateDayCollectionViewCell.swift */ = {isa = PBXFileReference; lastKnownFileType = sourcecode.swift; path = DateDayCollectionViewCell.swift; sourceTree = "<group>"; };
		833DAF952BAC8BD3007A8D78 /* FirstOnboardController.swift */ = {isa = PBXFileReference; lastKnownFileType = sourcecode.swift; path = FirstOnboardController.swift; sourceTree = "<group>"; };
		8371639A2BAC8E3100A0C2E2 /* SecondOnboardController.swift */ = {isa = PBXFileReference; lastKnownFileType = sourcecode.swift; path = SecondOnboardController.swift; sourceTree = "<group>"; };
		8371639C2BAC8E4100A0C2E2 /* ThirdOnboardController.swift */ = {isa = PBXFileReference; lastKnownFileType = sourcecode.swift; path = ThirdOnboardController.swift; sourceTree = "<group>"; };
		837163A02BAC937B00A0C2E2 /* HomeViewController.swift */ = {isa = PBXFileReference; lastKnownFileType = sourcecode.swift; path = HomeViewController.swift; sourceTree = "<group>"; };
		837163A22BAC96E600A0C2E2 /* CreateHabitController.swift */ = {isa = PBXFileReference; lastKnownFileType = sourcecode.swift; path = CreateHabitController.swift; sourceTree = "<group>"; };
		83D154F22BAC856600607AD5 /* Atomic Routine.app */ = {isa = PBXFileReference; explicitFileType = wrapper.application; includeInIndex = 0; path = "Atomic Routine.app"; sourceTree = BUILT_PRODUCTS_DIR; };
		83D154F52BAC856600607AD5 /* AppDelegate.swift */ = {isa = PBXFileReference; lastKnownFileType = sourcecode.swift; path = AppDelegate.swift; sourceTree = "<group>"; };
		83D154F72BAC856600607AD5 /* SceneDelegate.swift */ = {isa = PBXFileReference; lastKnownFileType = sourcecode.swift; path = SceneDelegate.swift; sourceTree = "<group>"; };
		83D154F92BAC856600607AD5 /* ViewController.swift */ = {isa = PBXFileReference; lastKnownFileType = sourcecode.swift; path = ViewController.swift; sourceTree = "<group>"; };
		83D154FC2BAC856600607AD5 /* Base */ = {isa = PBXFileReference; lastKnownFileType = file.storyboard; name = Base; path = Base.lproj/Main.storyboard; sourceTree = "<group>"; };
		83D154FE2BAC856900607AD5 /* Assets.xcassets */ = {isa = PBXFileReference; lastKnownFileType = folder.assetcatalog; path = Assets.xcassets; sourceTree = "<group>"; };
		83D155012BAC856900607AD5 /* Base */ = {isa = PBXFileReference; lastKnownFileType = file.storyboard; name = Base; path = Base.lproj/LaunchScreen.storyboard; sourceTree = "<group>"; };
		83D155032BAC856900607AD5 /* Info.plist */ = {isa = PBXFileReference; lastKnownFileType = text.plist.xml; path = Info.plist; sourceTree = "<group>"; };
/* End PBXFileReference section */

/* Begin PBXFrameworksBuildPhase section */
		83D154EF2BAC856600607AD5 /* Frameworks */ = {
			isa = PBXFrameworksBuildPhase;
			buildActionMask = 2147483647;
			files = (
			);
			runOnlyForDeploymentPostprocessing = 0;
		};
/* End PBXFrameworksBuildPhase section */

/* Begin PBXGroup section */
		833DAF942BAC89EB007A8D78 /* Onboarding */ = {
			isa = PBXGroup;
			children = (
				833DAF952BAC8BD3007A8D78 /* FirstOnboardController.swift */,
				8371639A2BAC8E3100A0C2E2 /* SecondOnboardController.swift */,
				8371639C2BAC8E4100A0C2E2 /* ThirdOnboardController.swift */,
			);
			path = Onboarding;
			sourceTree = "<group>";
		};
		8371639E2BAC8E4900A0C2E2 /* Controller */ = {
			isa = PBXGroup;
			children = (
				833DAF942BAC89EB007A8D78 /* Onboarding */,
				8371639F2BAC936E00A0C2E2 /* Home */,
			);
			path = Controller;
			sourceTree = "<group>";
		};
		8371639F2BAC936E00A0C2E2 /* Home */ = {
			isa = PBXGroup;
			children = (
				837163A02BAC937B00A0C2E2 /* HomeViewController.swift */,
				837163A22BAC96E600A0C2E2 /* CreateHabitController.swift */,
				83328B812BAF2E2F0069FA8E /* WholeCollectionViewCell.swift */,
				83328B832BAF2E3A0069FA8E /* DateDayCollectionViewCell.swift */,
			);
			path = Home;
			sourceTree = "<group>";
		};
		83D154E92BAC856600607AD5 = {
			isa = PBXGroup;
			children = (
				83D154F42BAC856600607AD5 /* Atomic Routine */,
				83D154F32BAC856600607AD5 /* Products */,
			);
			sourceTree = "<group>";
		};
		83D154F32BAC856600607AD5 /* Products */ = {
			isa = PBXGroup;
			children = (
				83D154F22BAC856600607AD5 /* Atomic Routine.app */,
			);
			name = Products;
			sourceTree = "<group>";
		};
		83D154F42BAC856600607AD5 /* Atomic Routine */ = {
			isa = PBXGroup;
			children = (
				8371639E2BAC8E4900A0C2E2 /* Controller */,
				83D154F52BAC856600607AD5 /* AppDelegate.swift */,
				83D154F72BAC856600607AD5 /* SceneDelegate.swift */,
				83D154F92BAC856600607AD5 /* ViewController.swift */,
				83D154FB2BAC856600607AD5 /* Main.storyboard */,
				83D154FE2BAC856900607AD5 /* Assets.xcassets */,
				83D155002BAC856900607AD5 /* LaunchScreen.storyboard */,
				83D155032BAC856900607AD5 /* Info.plist */,
			);
			path = "Atomic Routine";
			sourceTree = "<group>";
		};
/* End PBXGroup section */

/* Begin PBXNativeTarget section */
		83D154F12BAC856600607AD5 /* Atomic Routine */ = {
			isa = PBXNativeTarget;
			buildConfigurationList = 83D155062BAC856900607AD5 /* Build configuration list for PBXNativeTarget "Atomic Routine" */;
			buildPhases = (
				83D154EE2BAC856600607AD5 /* Sources */,
				83D154EF2BAC856600607AD5 /* Frameworks */,
				83D154F02BAC856600607AD5 /* Resources */,
			);
			buildRules = (
			);
			dependencies = (
			);
			name = "Atomic Routine";
			productName = "Atomic Routine";
			productReference = 83D154F22BAC856600607AD5 /* Atomic Routine.app */;
			productType = "com.apple.product-type.application";
		};
/* End PBXNativeTarget section */

/* Begin PBXProject section */
		83D154EA2BAC856600607AD5 /* Project object */ = {
			isa = PBXProject;
			attributes = {
				BuildIndependentTargetsInParallel = 1;
				LastSwiftUpdateCheck = 1520;
				LastUpgradeCheck = 1520;
				TargetAttributes = {
					83D154F12BAC856600607AD5 = {
						CreatedOnToolsVersion = 15.2;
					};
				};
			};
			buildConfigurationList = 83D154ED2BAC856600607AD5 /* Build configuration list for PBXProject "Atomic Routine" */;
			compatibilityVersion = "Xcode 14.0";
			developmentRegion = en;
			hasScannedForEncodings = 0;
			knownRegions = (
				en,
				Base,
			);
			mainGroup = 83D154E92BAC856600607AD5;
			productRefGroup = 83D154F32BAC856600607AD5 /* Products */;
			projectDirPath = "";
			projectRoot = "";
			targets = (
				83D154F12BAC856600607AD5 /* Atomic Routine */,
			);
		};
/* End PBXProject section */

/* Begin PBXResourcesBuildPhase section */
		83D154F02BAC856600607AD5 /* Resources */ = {
			isa = PBXResourcesBuildPhase;
			buildActionMask = 2147483647;
			files = (
				83D155022BAC856900607AD5 /* LaunchScreen.storyboard in Resources */,
				83D154FF2BAC856900607AD5 /* Assets.xcassets in Resources */,
				83D154FD2BAC856600607AD5 /* Main.storyboard in Resources */,
			);
			runOnlyForDeploymentPostprocessing = 0;
		};
/* End PBXResourcesBuildPhase section */

/* Begin PBXSourcesBuildPhase section */
		83D154EE2BAC856600607AD5 /* Sources */ = {
			isa = PBXSourcesBuildPhase;
			buildActionMask = 2147483647;
			files = (
				8371639B2BAC8E3100A0C2E2 /* SecondOnboardController.swift in Sources */,
				8371639D2BAC8E4100A0C2E2 /* ThirdOnboardController.swift in Sources */,
				833DAF962BAC8BD3007A8D78 /* FirstOnboardController.swift in Sources */,
				83D154FA2BAC856600607AD5 /* ViewController.swift in Sources */,
				83D154F62BAC856600607AD5 /* AppDelegate.swift in Sources */,
				837163A12BAC937B00A0C2E2 /* HomeViewController.swift in Sources */,
				837163A32BAC96E600A0C2E2 /* CreateHabitController.swift in Sources */,
				83328B822BAF2E2F0069FA8E /* WholeCollectionViewCell.swift in Sources */,
				83D154F82BAC856600607AD5 /* SceneDelegate.swift in Sources */,
				83328B842BAF2E3A0069FA8E /* DateDayCollectionViewCell.swift in Sources */,
			);
			runOnlyForDeploymentPostprocessing = 0;
		};
/* End PBXSourcesBuildPhase section */

/* Begin PBXVariantGroup section */
		83D154FB2BAC856600607AD5 /* Main.storyboard */ = {
			isa = PBXVariantGroup;
			children = (
				83D154FC2BAC856600607AD5 /* Base */,
			);
			name = Main.storyboard;
			sourceTree = "<group>";
		};
		83D155002BAC856900607AD5 /* LaunchScreen.storyboard */ = {
			isa = PBXVariantGroup;
			children = (
				83D155012BAC856900607AD5 /* Base */,
			);
			name = LaunchScreen.storyboard;
			sourceTree = "<group>";
		};
/* End PBXVariantGroup section */

/* Begin XCBuildConfiguration section */
		83D155042BAC856900607AD5 /* Debug */ = {
			isa = XCBuildConfiguration;
			buildSettings = {
				ALWAYS_SEARCH_USER_PATHS = NO;
				ASSETCATALOG_COMPILER_GENERATE_SWIFT_ASSET_SYMBOL_EXTENSIONS = YES;
				CLANG_ANALYZER_NONNULL = YES;
				CLANG_ANALYZER_NUMBER_OBJECT_CONVERSION = YES_AGGRESSIVE;
				CLANG_CXX_LANGUAGE_STANDARD = "gnu++20";
				CLANG_ENABLE_MODULES = YES;
				CLANG_ENABLE_OBJC_ARC = YES;
				CLANG_ENABLE_OBJC_WEAK = YES;
				CLANG_WARN_BLOCK_CAPTURE_AUTORELEASING = YES;
				CLANG_WARN_BOOL_CONVERSION = YES;
				CLANG_WARN_COMMA = YES;
				CLANG_WARN_CONSTANT_CONVERSION = YES;
				CLANG_WARN_DEPRECATED_OBJC_IMPLEMENTATIONS = YES;
				CLANG_WARN_DIRECT_OBJC_ISA_USAGE = YES_ERROR;
				CLANG_WARN_DOCUMENTATION_COMMENTS = YES;
				CLANG_WARN_EMPTY_BODY = YES;
				CLANG_WARN_ENUM_CONVERSION = YES;
				CLANG_WARN_INFINITE_RECURSION = YES;
				CLANG_WARN_INT_CONVERSION = YES;
				CLANG_WARN_NON_LITERAL_NULL_CONVERSION = YES;
				CLANG_WARN_OBJC_IMPLICIT_RETAIN_SELF = YES;
				CLANG_WARN_OBJC_LITERAL_CONVERSION = YES;
				CLANG_WARN_OBJC_ROOT_CLASS = YES_ERROR;
				CLANG_WARN_QUOTED_INCLUDE_IN_FRAMEWORK_HEADER = YES;
				CLANG_WARN_RANGE_LOOP_ANALYSIS = YES;
				CLANG_WARN_STRICT_PROTOTYPES = YES;
				CLANG_WARN_SUSPICIOUS_MOVE = YES;
				CLANG_WARN_UNGUARDED_AVAILABILITY = YES_AGGRESSIVE;
				CLANG_WARN_UNREACHABLE_CODE = YES;
				CLANG_WARN__DUPLICATE_METHOD_MATCH = YES;
				COPY_PHASE_STRIP = NO;
				DEBUG_INFORMATION_FORMAT = dwarf;
				ENABLE_STRICT_OBJC_MSGSEND = YES;
				ENABLE_TESTABILITY = YES;
				ENABLE_USER_SCRIPT_SANDBOXING = YES;
				GCC_C_LANGUAGE_STANDARD = gnu17;
				GCC_DYNAMIC_NO_PIC = NO;
				GCC_NO_COMMON_BLOCKS = YES;
				GCC_OPTIMIZATION_LEVEL = 0;
				GCC_PREPROCESSOR_DEFINITIONS = (
					"DEBUG=1",
					"$(inherited)",
				);
				GCC_WARN_64_TO_32_BIT_CONVERSION = YES;
				GCC_WARN_ABOUT_RETURN_TYPE = YES_ERROR;
				GCC_WARN_UNDECLARED_SELECTOR = YES;
				GCC_WARN_UNINITIALIZED_AUTOS = YES_AGGRESSIVE;
				GCC_WARN_UNUSED_FUNCTION = YES;
				GCC_WARN_UNUSED_VARIABLE = YES;
				IPHONEOS_DEPLOYMENT_TARGET = 17.2;
				LOCALIZATION_PREFERS_STRING_CATALOGS = YES;
				MTL_ENABLE_DEBUG_INFO = INCLUDE_SOURCE;
				MTL_FAST_MATH = YES;
				ONLY_ACTIVE_ARCH = YES;
				SDKROOT = iphoneos;
				SWIFT_ACTIVE_COMPILATION_CONDITIONS = "DEBUG $(inherited)";
				SWIFT_OPTIMIZATION_LEVEL = "-Onone";
			};
			name = Debug;
		};
		83D155052BAC856900607AD5 /* Release */ = {
			isa = XCBuildConfiguration;
			buildSettings = {
				ALWAYS_SEARCH_USER_PATHS = NO;
				ASSETCATALOG_COMPILER_GENERATE_SWIFT_ASSET_SYMBOL_EXTENSIONS = YES;
				CLANG_ANALYZER_NONNULL = YES;
				CLANG_ANALYZER_NUMBER_OBJECT_CONVERSION = YES_AGGRESSIVE;
				CLANG_CXX_LANGUAGE_STANDARD = "gnu++20";
				CLANG_ENABLE_MODULES = YES;
				CLANG_ENABLE_OBJC_ARC = YES;
				CLANG_ENABLE_OBJC_WEAK = YES;
				CLANG_WARN_BLOCK_CAPTURE_AUTORELEASING = YES;
				CLANG_WARN_BOOL_CONVERSION = YES;
				CLANG_WARN_COMMA = YES;
				CLANG_WARN_CONSTANT_CONVERSION = YES;
				CLANG_WARN_DEPRECATED_OBJC_IMPLEMENTATIONS = YES;
				CLANG_WARN_DIRECT_OBJC_ISA_USAGE = YES_ERROR;
				CLANG_WARN_DOCUMENTATION_COMMENTS = YES;
				CLANG_WARN_EMPTY_BODY = YES;
				CLANG_WARN_ENUM_CONVERSION = YES;
				CLANG_WARN_INFINITE_RECURSION = YES;
				CLANG_WARN_INT_CONVERSION = YES;
				CLANG_WARN_NON_LITERAL_NULL_CONVERSION = YES;
				CLANG_WARN_OBJC_IMPLICIT_RETAIN_SELF = YES;
				CLANG_WARN_OBJC_LITERAL_CONVERSION = YES;
				CLANG_WARN_OBJC_ROOT_CLASS = YES_ERROR;
				CLANG_WARN_QUOTED_INCLUDE_IN_FRAMEWORK_HEADER = YES;
				CLANG_WARN_RANGE_LOOP_ANALYSIS = YES;
				CLANG_WARN_STRICT_PROTOTYPES = YES;
				CLANG_WARN_SUSPICIOUS_MOVE = YES;
				CLANG_WARN_UNGUARDED_AVAILABILITY = YES_AGGRESSIVE;
				CLANG_WARN_UNREACHABLE_CODE = YES;
				CLANG_WARN__DUPLICATE_METHOD_MATCH = YES;
				COPY_PHASE_STRIP = NO;
				DEBUG_INFORMATION_FORMAT = "dwarf-with-dsym";
				ENABLE_NS_ASSERTIONS = NO;
				ENABLE_STRICT_OBJC_MSGSEND = YES;
				ENABLE_USER_SCRIPT_SANDBOXING = YES;
				GCC_C_LANGUAGE_STANDARD = gnu17;
				GCC_NO_COMMON_BLOCKS = YES;
				GCC_WARN_64_TO_32_BIT_CONVERSION = YES;
				GCC_WARN_ABOUT_RETURN_TYPE = YES_ERROR;
				GCC_WARN_UNDECLARED_SELECTOR = YES;
				GCC_WARN_UNINITIALIZED_AUTOS = YES_AGGRESSIVE;
				GCC_WARN_UNUSED_FUNCTION = YES;
				GCC_WARN_UNUSED_VARIABLE = YES;
				IPHONEOS_DEPLOYMENT_TARGET = 17.2;
				LOCALIZATION_PREFERS_STRING_CATALOGS = YES;
				MTL_ENABLE_DEBUG_INFO = NO;
				MTL_FAST_MATH = YES;
				SDKROOT = iphoneos;
				SWIFT_COMPILATION_MODE = wholemodule;
				VALIDATE_PRODUCT = YES;
			};
			name = Release;
		};
		83D155072BAC856900607AD5 /* Debug */ = {
			isa = XCBuildConfiguration;
			buildSettings = {
				ASSETCATALOG_COMPILER_APPICON_NAME = AppIcon;
				ASSETCATALOG_COMPILER_GLOBAL_ACCENT_COLOR_NAME = AccentColor;
				CODE_SIGN_STYLE = Automatic;
				CURRENT_PROJECT_VERSION = 1;
				DEVELOPMENT_TEAM = 825CNUGT6L;
				GENERATE_INFOPLIST_FILE = YES;
				INFOPLIST_FILE = "Atomic Routine/Info.plist";
				INFOPLIST_KEY_UIApplicationSupportsIndirectInputEvents = YES;
				INFOPLIST_KEY_UILaunchStoryboardName = LaunchScreen;
				INFOPLIST_KEY_UIMainStoryboardFile = Main;
				INFOPLIST_KEY_UISupportedInterfaceOrientations_iPad = "UIInterfaceOrientationPortrait UIInterfaceOrientationPortraitUpsideDown UIInterfaceOrientationLandscapeLeft UIInterfaceOrientationLandscapeRight";
				INFOPLIST_KEY_UISupportedInterfaceOrientations_iPhone = "UIInterfaceOrientationPortrait UIInterfaceOrientationLandscapeLeft UIInterfaceOrientationLandscapeRight";
				LD_RUNPATH_SEARCH_PATHS = (
					"$(inherited)",
					"@executable_path/Frameworks",
				);
				MARKETING_VERSION = 1.0;
				PRODUCT_BUNDLE_IDENTIFIER = "Kruti-Boghara.Atomic-Routine";
				PRODUCT_NAME = "$(TARGET_NAME)";
				SWIFT_EMIT_LOC_STRINGS = YES;
				SWIFT_VERSION = 5.0;
				TARGETED_DEVICE_FAMILY = "1,2";
			};
			name = Debug;
		};
		83D155082BAC856900607AD5 /* Release */ = {
			isa = XCBuildConfiguration;
			buildSettings = {
				ASSETCATALOG_COMPILER_APPICON_NAME = AppIcon;
				ASSETCATALOG_COMPILER_GLOBAL_ACCENT_COLOR_NAME = AccentColor;
				CODE_SIGN_STYLE = Automatic;
				CURRENT_PROJECT_VERSION = 1;
				DEVELOPMENT_TEAM = 825CNUGT6L;
				GENERATE_INFOPLIST_FILE = YES;
				INFOPLIST_FILE = "Atomic Routine/Info.plist";
				INFOPLIST_KEY_UIApplicationSupportsIndirectInputEvents = YES;
				INFOPLIST_KEY_UILaunchStoryboardName = LaunchScreen;
				INFOPLIST_KEY_UIMainStoryboardFile = Main;
				INFOPLIST_KEY_UISupportedInterfaceOrientations_iPad = "UIInterfaceOrientationPortrait UIInterfaceOrientationPortraitUpsideDown UIInterfaceOrientationLandscapeLeft UIInterfaceOrientationLandscapeRight";
				INFOPLIST_KEY_UISupportedInterfaceOrientations_iPhone = "UIInterfaceOrientationPortrait UIInterfaceOrientationLandscapeLeft UIInterfaceOrientationLandscapeRight";
				LD_RUNPATH_SEARCH_PATHS = (
					"$(inherited)",
					"@executable_path/Frameworks",
				);
				MARKETING_VERSION = 1.0;
				PRODUCT_BUNDLE_IDENTIFIER = "Kruti-Boghara.Atomic-Routine";
				PRODUCT_NAME = "$(TARGET_NAME)";
				SWIFT_EMIT_LOC_STRINGS = YES;
				SWIFT_VERSION = 5.0;
				TARGETED_DEVICE_FAMILY = "1,2";
			};
			name = Release;
		};
/* End XCBuildConfiguration section */

/* Begin XCConfigurationList section */
		83D154ED2BAC856600607AD5 /* Build configuration list for PBXProject "Atomic Routine" */ = {
			isa = XCConfigurationList;
			buildConfigurations = (
				83D155042BAC856900607AD5 /* Debug */,
				83D155052BAC856900607AD5 /* Release */,
			);
			defaultConfigurationIsVisible = 0;
			defaultConfigurationName = Release;
		};
		83D155062BAC856900607AD5 /* Build configuration list for PBXNativeTarget "Atomic Routine" */ = {
			isa = XCConfigurationList;
			buildConfigurations = (
				83D155072BAC856900607AD5 /* Debug */,
				83D155082BAC856900607AD5 /* Release */,
			);
			defaultConfigurationIsVisible = 0;
			defaultConfigurationName = Release;
		};
/* End XCConfigurationList section */
	};
	rootObject = 83D154EA2BAC856600607AD5 /* Project object */;
}
